[[package]]
name = "llvmlite"
version = "0.31.0"
description = "lightweight wrapper around basic LLVM functionality"
category = "main"
optional = false
python-versions = "*"

[[package]]
name = "mido"
version = "1.2.10"
description = "MIDI Objects for Python"
category = "main"
optional = false
python-versions = "*"

[package.extras]
dev = ["check-manifest (>=0.35)", "flake8 (>=3.4.1)", "pytest (>=3.2.2)", "sphinx (>=1.6.3)", "tox (>=2.8.2)"]
ports = ["python-rtmidi (>=1.1.0)"]

[[package]]
name = "plotly"
version = "5.6.0"
description = "An open-source, interactive data visualization library for Python"
category = "main"
optional = false
python-versions = ">=3.6"

[package.dependencies]
six = "*"
tenacity = ">=6.2.0"

[[package]]
name = "six"
version = "1.16.0"
description = "Python 2 and 3 compatibility utilities"
category = "main"
optional = false
python-versions = ">=2.7, !=3.0.*, !=3.1.*, !=3.2.*"

[[package]]
name = "tenacity"
version = "8.0.1"
description = "Retry code until it succeeds"
category = "main"
optional = false
python-versions = ">=3.6"

[package.extras]
doc = ["reno", "sphinx", "tornado (>=4.5)"]

[metadata]
lock-version = "1.1"
python-versions = "^3.9"
content-hash = "21115f2d4f6cda3b44d101c9dfe80848aed73fbeb50f5f2afc2132f704e35862"

[metadata.files]
llvmlite = [
    {file = "llvmlite-0.31.0-cp27-cp27m-macosx_10_9_x86_64.whl", hash = "sha256:00fdf20d2f4972a00bcfaa9ce62ee55208ae5df38906a198650ddf91ba6a5fba"},
    {file = "llvmlite-0.31.0-cp27-cp27m-win32.whl", hash = "sha256:6e4129f2d33a76c1415d2808bae58a15d5480b1cc09fd3e80fc8d0e25bf6c27e"},
    {file = "llvmlite-0.31.0-cp27-cp27m-win_amd64.whl", hash = "sha256:c999bbf838b7b29b81e070517ec2dad7f408428e4651f779028e0a35ed6f2dea"},
    {file = "llvmlite-0.31.0-cp27-cp27mu-manylinux1_i686.whl", hash = "sha256:7e8baa6d5b4383ca7b0abe0e8968b16d4e6b1c0691cbcef18eab298e9c840b5e"},
    {file = "llvmlite-0.31.0-cp27-cp27mu-manylinux1_x86_64.whl", hash = "sha256:5a771ae6398c24117797e9fa0fa70def5334eeab918beaafd40718e80e5f936a"},
    {file = "llvmlite-0.31.0-cp35-cp35m-macosx_10_9_x86_64.whl", hash = "sha256:607fb3738cdc803ffcc69ef3732595f7c66c203c5a7eea35b26f89822fb2baaa"},
    {file = "llvmlite-0.31.0-cp35-cp35m-manylinux1_i686.whl", hash = "sha256:c842b722a38370ef5836e16cf73981da8f2f3765cead55b2d51fc87c65840f70"},
    {file = "llvmlite-0.31.0-cp35-cp35m-manylinux1_x86_64.whl", hash = "sha256:fdba22341cefbdd7b8d57cc23256b5d5ab16faa64d744d66ecae6a0af86b1f9b"},
    {file = "llvmlite-0.31.0-cp35-cp35m-win32.whl", hash = "sha256:6699b0e6637f4f8624c2dd069b7b427da582f7ca3900f080bfebb5ff556272bd"},
    {file = "llvmlite-0.31.0-cp35-cp35m-win_amd64.whl", hash = "sha256:5bcbb90807a42cd7f47d32e25e270a6886f89ae6783059ee3e1e4aa13d13f2a0"},
    {file = "llvmlite-0.31.0-cp36-cp36m-macosx_10_9_x86_64.whl", hash = "sha256:312cca3af9f539a81432cd47f06a621d895c21e8cb1db2f9cfb22acd7fb69fa5"},
    {file = "llvmlite-0.31.0-cp36-cp36m-manylinux1_i686.whl", hash = "sha256:8189c8ad167ef8a65f4bbf9cbff19efbec7f0392996eec18f5e6b274462111b7"},
    {file = "llvmlite-0.31.0-cp36-cp36m-manylinux1_x86_64.whl", hash = "sha256:ebc86e3bb85fd2ad7f88ce80507350814719195d7555a802cd628713d3c08883"},
    {file = "llvmlite-0.31.0-cp36-cp36m-win32.whl", hash = "sha256:94c5c625088a9ddc0fcd2953f1e7cd94038e3c90b24522a5ba10559b2dd7f563"},
    {file = "llvmlite-0.31.0-cp36-cp36m-win_amd64.whl", hash = "sha256:7f4bffdf6cb4f5bab4060ea57cdc11344d9b406227efb8ae1c5e4823e8d146d1"},
    {file = "llvmlite-0.31.0-cp37-cp37m-macosx_10_9_x86_64.whl", hash = "sha256:d45b733f5ac76838a20c56d19d6a3032b856c2cedf7a65ce2a4e8a45f4062f93"},
    {file = "llvmlite-0.31.0-cp37-cp37m-manylinux1_i686.whl", hash = "sha256:5c676a549f44e559d7406824de83f659995b13b80c18aca4760981c9049a1a2d"},
    {file = "llvmlite-0.31.0-cp37-cp37m-manylinux1_x86_64.whl", hash = "sha256:81fc9ac6682a41f53bca113a8f97959b92728112f91714e850a72dc6d9dd8ced"},
    {file = "llvmlite-0.31.0-cp37-cp37m-win32.whl", hash = "sha256:d2a4e62b9f703bb669bb78ca45202dfedf6a1df000866d3ed694f29a85a73f4f"},
    {file = "llvmlite-0.31.0-cp37-cp37m-win_amd64.whl", hash = "sha256:363738f3eb3c6bed65cac38f295ff81a19a74e5aeab3d02e4e3b820279d8e36a"},
    {file = "llvmlite-0.31.0-cp38-cp38-macosx_10_9_x86_64.whl", hash = "sha256:5593acefd5f01765ee403ea4b0288a59aff2276eb8f5241deb2e52018219a66a"},
    {file = "llvmlite-0.31.0-cp38-cp38-manylinux1_i686.whl", hash = "sha256:4e8154d1496a58157652fad1b13d817f73db80eb85b5915d49a9573a26655e38"},
    {file = "llvmlite-0.31.0-cp38-cp38-manylinux1_x86_64.whl", hash = "sha256:1a917b1b27895d0707078028ae842b3184e617ac04014965b197212e00d8e057"},
    {file = "llvmlite-0.31.0-cp38-cp38-win32.whl", hash = "sha256:3601a869da83e5fb1abbe55ecfcecb957f9d899179a4ef66fc4b3b82b461fc5a"},
    {file = "llvmlite-0.31.0-cp38-cp38-win_amd64.whl", hash = "sha256:947b81539aa751ff627626172a3bdb0ba0a92bfd1de1847f4c1ad7928ea2ea70"},
    {file = "llvmlite-0.31.0.tar.gz", hash = "sha256:22ab2b9d7ec79fab66ac8b3d2133347de86addc2e2df1b3793e523ac84baa3c8"},
]
mido = [
    {file = "mido-1.2.10-py2.py3-none-any.whl", hash = "sha256:0e618232063e0a220249da4961563c7636fea00096cfb3e2b87a4231f0ac1a9e"},
    {file = "mido-1.2.10.tar.gz", hash = "sha256:17b38a8e4594497b850ec6e78b848eac3661706bfc49d484a36d91335a373499"},
]
plotly = [
    {file = "plotly-5.6.0-py2.py3-none-any.whl", hash = "sha256:20277d211ea0e00e2a86d31e9f865a1ab45a7b17576f3bb865992ecbf15db093"},
    {file = "plotly-5.6.0.tar.gz", hash = "sha256:d86e44ebde38f4753dff982ab9b5e03cf872aab8fdf53a403e999ed378154331"},
]
six = [
    {file = "six-1.16.0-py2.py3-none-any.whl", hash = "sha256:8abb2f1d86890a2dfb989f9a77cfcfd3e47c2a354b01111771326f8aa26e0254"},
    {file = "six-1.16.0.tar.gz", hash = "sha256:1e61c37477a1626458e36f7b1d82aa5c9b094fa4802892072e49de9c60c4c926"},
]
tenacity = [
    {file = "tenacity-8.0.1-py3-none-any.whl", hash = "sha256:f78f4ea81b0fabc06728c11dc2a8c01277bfc5181b321a4770471902e3eb844a"},
    {file = "tenacity-8.0.1.tar.gz", hash = "sha256:43242a20e3e73291a28bcbcacfd6e000b02d3857a9a9fff56b297a27afdc932f"},
]
